
Microsoft Visual Studio Solution File, Format Version 12.00
# Visual Studio Version 16
VisualStudioVersion = 16.0.30907.101
MinimumVisualStudioVersion = 10.0.40219.1
Project("{FAE04EC0-301F-11D3-BF4B-00C04F79EFBC}") = "ServerNames", "ServerNames.csproj", "{7C9A96E4-88F0-492C-910E-C9A3869BA942}"
EndProject
Global
	GlobalSection(SolutionConfigurationPlatforms) = preSolution
		Debug|x64 = Debug|x64
		Release|x64 = Release|x64
	EndGlobalSection
	GlobalSection(ProjectConfigurationPlatforms) = postSolution
		{7C9A96E4-88F0-492C-910E-C9A3869BA942}.Debug|x64.ActiveCfg = Debug|x64
		{7C9A96E4-88F0-492C-910E-C9A3869BA942}.Debug|x64.Build.0 = Debug|x64
		{7C9A96E4-88F0-492C-910E-C9A3869BA942}.Release|x64.ActiveCfg = Release|x64
		{7C9A96E4-88F0-492C-910E-C9A3869BA942}.Release|x64.Build.0 = Release|x64
	EndGlobalSection
	GlobalSection(SolutionProperties) = preSolution
		HideSolutionNode = FALSE
	EndGlobalSection
	GlobalSection(ExtensibilityGlobals) = postSolution
		SolutionGuid = {5AEE2FC1-96C0-4817-84C0-55802F18BDBC}
	EndGlobalSection
EndGlobal
